{
  "name": "ls",
  "version": "1.0.0",
  "lockfileVersion": 1,
  "requires": true,
  "dependencies": {
    "training_package_jey": {
      "version": "0.0.1",
      "resolved": "https://registry.npmjs.org/training_package_jey/-/training_package_jey-0.0.1.tgz",
      "integrity": "sha512-eOSposXifvRtZpQ0aU6dvfDZQDZDAUDoIUO31P8h0NuAskeFIjH/qKM4TDDqyXgMH1vfHKIvlR67mfRz9EkR8A=="
    }
  }
}
