{
  "name": "session2",
  "version": "1.0.0",
  "lockfileVersion": 1,
  "requires": true,
  "dependencies": {
    "training_package_jey_2": {
      "version": "1.0.5",
      "resolved": "https://registry.npmjs.org/training_package_jey_2/-/training_package_jey_2-1.0.5.tgz",
      "integrity": "sha512-aGBmhAM62OB4sD0m7zFImaG/iZyKTlKMyCm89l5E3Ug4KlxoXb9aD9kp8R3TgwWsVfWOfr67WUFhHt/oeLisIw=="
    }
  }
}
